// !$*UTF8*$!
{
	archiveVersion = 1;
	classes = {
	};
	objectVersion = 46;
	objects = {

/* Begin PBXBuildFile section */
		DCA948721BD93BD10010C82B /* main.m in Sources */ = {isa = PBXBuildFile; fileRef = DCA948711BD93BD10010C82B /* main.m */; };
		DCA948751BD93BD10010C82B /* AppDelegate.m in Sources */ = {isa = PBXBuildFile; fileRef = DCA948741BD93BD10010C82B /* AppDelegate.m */; };
		DCA948781BD93BD10010C82B /* ViewController.m in Sources */ = {isa = PBXBuildFile; fileRef = DCA948771BD93BD10010C82B /* ViewController.m */; };
		DCA9487B1BD93BD10010C82B /* Main.storyboard in Resources */ = {isa = PBXBuildFile; fileRef = DCA948791BD93BD10010C82B /* Main.storyboard */; };
		DCA9487D1BD93BD10010C82B /* Assets.xcassets in Resources */ = {isa = PBXBuildFile; fileRef = DCA9487C1BD93BD10010C82B /* Assets.xcassets */; };
		DCA948801BD93BD10010C82B /* LaunchScreen.storyboard in Resources */ = {isa = PBXBuildFile; fileRef = DCA9487E1BD93BD10010C82B /* LaunchScreen.storyboard */; };
		DCA9488B1BD93BD10010C82B /* weatherTests.m in Sources */ = {isa = PBXBuildFile; fileRef = DCA9488A1BD93BD10010C82B /* weatherTests.m */; };
		DCA948961BD93BD10010C82B /* weatherUITests.m in Sources */ = {isa = PBXBuildFile; fileRef = DCA948951BD93BD10010C82B /* weatherUITests.m */; };
/* End PBXBuildFile section */

/* Begin PBXContainerItemProxy section */
		DCA948871BD93BD10010C82B /* PBXContainerItemProxy */ = {
			isa = PBXContainerItemProxy;
			containerPortal = DCA948651BD93BD10010C82B /* Project object */;
			proxyType = 1;
			remoteGlobalIDString = DCA9486C1BD93BD10010C82B;
			remoteInfo = weather;
		};
		DCA948921BD93BD10010C82B /* PBXContainerItemProxy */ = {
			isa = PBXContainerItemProxy;
			containerPortal = DCA948651BD93BD10010C82B /* Project object */;
			proxyType = 1;
			remoteGlobalIDString = DCA9486C1BD93BD10010C82B;
			remoteInfo = weather;
		};
/* End PBXContainerItemProxy section */

/* Begin PBXFileReference section */
		DCA9486D1BD93BD10010C82B /* weather.app */ = {isa = PBXFileReference; explicitFileType = wrapper.application; includeInIndex = 0; path = weather.app; sourceTree = BUILT_PRODUCTS_DIR; };
		DCA948711BD93BD10010C82B /* main.m */ = {isa = PBXFileReference; lastKnownFileType = sourcecode.c.objc; path = main.m; sourceTree = "<group>"; };
		DCA948731BD93BD10010C82B /* AppDelegate.h */ = {isa = PBXFileReference; lastKnownFileType = sourcecode.c.h; path = AppDelegate.h; sourceTree = "<group>"; };
		DCA948741BD93BD10010C82B /* AppDelegate.m */ = {isa = PBXFileReference; lastKnownFileType = sourcecode.c.objc; path = AppDelegate.m; sourceTree = "<group>"; };
		DCA948761BD93BD10010C82B /* ViewController.h */ = {isa = PBXFileReference; lastKnownFileType = sourcecode.c.h; path = ViewController.h; sourceTree = "<group>"; };
		DCA948771BD93BD10010C82B /* ViewController.m */ = {isa = PBXFileReference; lastKnownFileType = sourcecode.c.objc; path = ViewController.m; sourceTree = "<group>"; };
		DCA9487A1BD93BD10010C82B /* Base */ = {isa = PBXFileReference; lastKnownFileType = file.storyboard; name = Base; path = Base.lproj/Main.storyboard; sourceTree = "<group>"; };
		DCA9487C1BD93BD10010C82B /* Assets.xcassets */ = {isa = PBXFileReference; lastKnownFileType = folder.assetcatalog; path = Assets.xcassets; sourceTree = "<group>"; };
		DCA9487F1BD93BD10010C82B /* Base */ = {isa = PBXFileReference; lastKnownFileType = file.storyboard; name = Base; path = Base.lproj/LaunchScreen.storyboard; sourceTree = "<group>"; };
		DCA948811BD93BD10010C82B /* Info.plist */ = {isa = PBXFileReference; lastKnownFileType = text.plist.xml; path = Info.plist; sourceTree = "<group>"; };
		DCA948861BD93BD10010C82B /* weatherTests.xctest */ = {isa = PBXFileReference; explicitFileType = wrapper.cfbundle; includeInIndex = 0; path = weatherTests.xctest; sourceTree = BUILT_PRODUCTS_DIR; };
		DCA9488A1BD93BD10010C82B /* weatherTests.m */ = {isa = PBXFileReference; lastKnownFileType = sourcecode.c.objc; path = weatherTests.m; sourceTree = "<group>"; };
		DCA9488C1BD93BD10010C82B /* Info.plist */ = {isa = PBXFileReference; lastKnownFileType = text.plist.xml; path = Info.plist; sourceTree = "<group>"; };
		DCA948911BD93BD10010C82B /* weatherUITests.xctest */ = {isa = PBXFileReference; explicitFileType = wrapper.cfbundle; includeInIndex = 0; path = weatherUITests.xctest; sourceTree = BUILT_PRODUCTS_DIR; };
		DCA948951BD93BD10010C82B /* weatherUITests.m */ = {isa = PBXFileReference; lastKnownFileType = sourcecode.c.objc; path = weatherUITests.m; sourceTree = "<group>"; };
		DCA948971BD93BD10010C82B /* Info.plist */ = {isa = PBXFileReference; lastKnownFileType = text.plist.xml; path = Info.plist; sourceTree = "<group>"; };
/* End PBXFileReference section */

/* Begin PBXFrameworksBuildPhase section */
		DCA9486A1BD93BD10010C82B /* Frameworks */ = {
			isa = PBXFrameworksBuildPhase;
			buildActionMask = 2147483647;
			files = (
			);
			runOnlyForDeploymentPostprocessing = 0;
		};
		DCA948831BD93BD10010C82B /* Frameworks */ = {
			isa = PBXFrameworksBuildPhase;
			buildActionMask = 2147483647;
			files = (
			);
			runOnlyForDeploymentPostprocessing = 0;
		};
		DCA9488E1BD93BD10010C82B /* Frameworks */ = {
			isa = PBXFrameworksBuildPhase;
			buildActionMask = 2147483647;
			files = (
			);
			runOnlyForDeploymentPostprocessing = 0;
		};
/* End PBXFrameworksBuildPhase section */

/* Begin PBXGroup section */
		DCA948641BD93BD10010C82B = {
			isa = PBXGroup;
			children = (
				DCA9486F1BD93BD10010C82B /* weather */,
				DCA948891BD93BD10010C82B /* weatherTests */,
				DCA948941BD93BD10010C82B /* weatherUITests */,
				DCA9486E1BD93BD10010C82B /* Products */,
			);
			sourceTree = "<group>";
		};
		DCA9486E1BD93BD10010C82B /* Products */ = {
			isa = PBXGroup;
			children = (
				DCA9486D1BD93BD10010C82B /* weather.app */,
				DCA948861BD93BD10010C82B /* weatherTests.xctest */,
				DCA948911BD93BD10010C82B /* weatherUITests.xctest */,
			);
			name = Products;
			sourceTree = "<group>";
		};
		DCA9486F1BD93BD10010C82B /* weather */ = {
			isa = PBXGroup;
			children = (
				DCA948731BD93BD10010C82B /* AppDelegate.h */,
				DCA948741BD93BD10010C82B /* AppDelegate.m */,
				DCA948761BD93BD10010C82B /* ViewController.h */,
				DCA948771BD93BD10010C82B /* ViewController.m */,
				DCA948791BD93BD10010C82B /* Main.storyboard */,
				DCA9487C1BD93BD10010C82B /* Assets.xcassets */,
				DCA9487E1BD93BD10010C82B /* LaunchScreen.storyboard */,
				DCA948811BD93BD10010C82B /* Info.plist */,
				DCA948701BD93BD10010C82B /* Supporting Files */,
			);
			path = weather;
			sourceTree = "<group>";
		};
		DCA948701BD93BD10010C82B /* Supporting Files */ = {
			isa = PBXGroup;
			children = (
				DCA948711BD93BD10010C82B /* main.m */,
			);
			name = "Supporting Files";
			sourceTree = "<group>";
		};
		DCA948891BD93BD10010C82B /* weatherTests */ = {
			isa = PBXGroup;
			children = (
				DCA9488A1BD93BD10010C82B /* weatherTests.m */,
				DCA9488C1BD93BD10010C82B /* Info.plist */,
			);
			path = weatherTests;
			sourceTree = "<group>";
		};
		DCA948941BD93BD10010C82B /* weatherUITests */ = {
			isa = PBXGroup;
			children = (
				DCA948951BD93BD10010C82B /* weatherUITests.m */,
				DCA948971BD93BD10010C82B /* Info.plist */,
			);
			path = weatherUITests;
			sourceTree = "<group>";
		};
/* End PBXGroup section */

/* Begin PBXNativeTarget section */
		DCA9486C1BD93BD10010C82B /* weather */ = {
			isa = PBXNativeTarget;
			buildConfigurationList = DCA9489A1BD93BD10010C82B /* Build configuration list for PBXNativeTarget "weather" */;
			buildPhases = (
				DCA948691BD93BD10010C82B /* Sources */,
				DCA9486A1BD93BD10010C82B /* Frameworks */,
				DCA9486B1BD93BD10010C82B /* Resources */,
			);
			buildRules = (
			);
			dependencies = (
			);
			name = weather;
			productName = weather;
			productReference = DCA9486D1BD93BD10010C82B /* weather.app */;
			productType = "com.apple.product-type.application";
		};
		DCA948851BD93BD10010C82B /* weatherTests */ = {
			isa = PBXNativeTarget;
			buildConfigurationList = DCA9489D1BD93BD10010C82B /* Build configuration list for PBXNativeTarget "weatherTests" */;
			buildPhases = (
				DCA948821BD93BD10010C82B /* Sources */,
				DCA948831BD93BD10010C82B /* Frameworks */,
				DCA948841BD93BD10010C82B /* Resources */,
			);
			buildRules = (
			);
			dependencies = (
				DCA948881BD93BD10010C82B /* PBXTargetDependency */,
			);
			name = weatherTests;
			productName = weatherTests;
			productReference = DCA948861BD93BD10010C82B /* weatherTests.xctest */;
			productType = "com.apple.product-type.bundle.unit-test";
		};
		DCA948901BD93BD10010C82B /* weatherUITests */ = {
			isa = PBXNativeTarget;
			buildConfigurationList = DCA948A01BD93BD10010C82B /* Build configuration list for PBXNativeTarget "weatherUITests" */;
			buildPhases = (
				DCA9488D1BD93BD10010C82B /* Sources */,
				DCA9488E1BD93BD10010C82B /* Frameworks */,
				DCA9488F1BD93BD10010C82B /* Resources */,
			);
			buildRules = (
			);
			dependencies = (
				DCA948931BD93BD10010C82B /* PBXTargetDependency */,
			);
			name = weatherUITests;
			productName = weatherUITests;
			productReference = DCA948911BD93BD10010C82B /* weatherUITests.xctest */;
			productType = "com.apple.product-type.bundle.ui-testing";
		};
/* End PBXNativeTarget section */

/* Begin PBXProject section */
		DCA948651BD93BD10010C82B /* Project object */ = {
			isa = PBXProject;
			attributes = {
				LastUpgradeCheck = 0700;
				ORGANIZATIONNAME = "王小亮";
				TargetAttributes = {
					DCA9486C1BD93BD10010C82B = {
						CreatedOnToolsVersion = 7.0.1;
						DevelopmentTeam = AS297Q8TC7;
					};
					DCA948851BD93BD10010C82B = {
						CreatedOnToolsVersion = 7.0.1;
						DevelopmentTeam = AS297Q8TC7;
						TestTargetID = DCA9486C1BD93BD10010C82B;
					};
					DCA948901BD93BD10010C82B = {
						CreatedOnToolsVersion = 7.0.1;
						DevelopmentTeam = AS297Q8TC7;
						TestTargetID = DCA9486C1BD93BD10010C82B;
					};
				};
			};
			buildConfigurationList = DCA948681BD93BD10010C82B /* Build configuration list for PBXProject "weather" */;
			compatibilityVersion = "Xcode 3.2";
			developmentRegion = English;
			hasScannedForEncodings = 0;
			knownRegions = (
				en,
				Base,
			);
			mainGroup = DCA948641BD93BD10010C82B;
			productRefGroup = DCA9486E1BD93BD10010C82B /* Products */;
			projectDirPath = "";
			projectRoot = "";
			targets = (
				DCA9486C1BD93BD10010C82B /* weather */,
				DCA948851BD93BD10010C82B /* weatherTests */,
				DCA948901BD93BD10010C82B /* weatherUITests */,
			);
		};
/* End PBXProject section */

/* Begin PBXResourcesBuildPhase section */
		DCA9486B1BD93BD10010C82B /* Resources */ = {
			isa = PBXResourcesBuildPhase;
			buildActionMask = 2147483647;
			files = (
				DCA948801BD93BD10010C82B /* LaunchScreen.storyboard in Resources */,
				DCA9487D1BD93BD10010C82B /* Assets.xcassets in Resources */,
				DCA9487B1BD93BD10010C82B /* Main.storyboard in Resources */,
			);
			runOnlyForDeploymentPostprocessing = 0;
		};
		DCA948841BD93BD10010C82B /* Resources */ = {
			isa = PBXResourcesBuildPhase;
			buildActionMask = 2147483647;
			files = (
			);
			runOnlyForDeploymentPostprocessing = 0;
		};
		DCA9488F1BD93BD10010C82B /* Resources */ = {
			isa = PBXResourcesBuildPhase;
			buildActionMask = 2147483647;
			files = (
			);
			runOnlyForDeploymentPostprocessing = 0;
		};
/* End PBXResourcesBuildPhase section */

/* Begin PBXSourcesBuildPhase section */
		DCA948691BD93BD10010C82B /* Sources */ = {
			isa = PBXSourcesBuildPhase;
			buildActionMask = 2147483647;
			files = (
				DCA948781BD93BD10010C82B /* ViewController.m in Sources */,
				DCA948751BD93BD10010C82B /* AppDelegate.m in Sources */,
				DCA948721BD93BD10010C82B /* main.m in Sources */,
			);
			runOnlyForDeploymentPostprocessing = 0;
		};
		DCA948821BD93BD10010C82B /* Sources */ = {
			isa = PBXSourcesBuildPhase;
			buildActionMask = 2147483647;
			files = (
				DCA9488B1BD93BD10010C82B /* weatherTests.m in Sources */,
			);
			runOnlyForDeploymentPostprocessing = 0;
		};
		DCA9488D1BD93BD10010C82B /* Sources */ = {
			isa = PBXSourcesBuildPhase;
			buildActionMask = 2147483647;
			files = (
				DCA948961BD93BD10010C82B /* weatherUITests.m in Sources */,
			);
			runOnlyForDeploymentPostprocessing = 0;
		};
/* End PBXSourcesBuildPhase section */

/* Begin PBXTargetDependency section */
		DCA948881BD93BD10010C82B /* PBXTargetDependency */ = {
			isa = PBXTargetDependency;
			target = DCA9486C1BD93BD10010C82B /* weather */;
			targetProxy = DCA948871BD93BD10010C82B /* PBXContainerItemProxy */;
		};
		DCA948931BD93BD10010C82B /* PBXTargetDependency */ = {
			isa = PBXTargetDependency;
			target = DCA9486C1BD93BD10010C82B /* weather */;
			targetProxy = DCA948921BD93BD10010C82B /* PBXContainerItemProxy */;
		};
/* End PBXTargetDependency section */

/* Begin PBXVariantGroup section */
		DCA948791BD93BD10010C82B /* Main.storyboard */ = {
			isa = PBXVariantGroup;
			children = (
				DCA9487A1BD93BD10010C82B /* Base */,
			);
			name = Main.storyboard;
			sourceTree = "<group>";
		};
		DCA9487E1BD93BD10010C82B /* LaunchScreen.storyboard */ = {
			isa = PBXVariantGroup;
			children = (
				DCA9487F1BD93BD10010C82B /* Base */,
			);
			name = LaunchScreen.storyboard;
			sourceTree = "<group>";
		};
/* End PBXVariantGroup section */

/* Begin XCBuildConfiguration section */
		DCA948981BD93BD10010C82B /* Debug */ = {
			isa = XCBuildConfiguration;
			buildSettings = {
				ALWAYS_SEARCH_USER_PATHS = NO;
				CLANG_CXX_LANGUAGE_STANDARD = "gnu++0x";
				CLANG_CXX_LIBRARY = "libc++";
				CLANG_ENABLE_MODULES = YES;
				CLANG_ENABLE_OBJC_ARC = YES;
				CLANG_WARN_BOOL_CONVERSION = YES;
				CLANG_WARN_CONSTANT_CONVERSION = YES;
				CLANG_WARN_DIRECT_OBJC_ISA_USAGE = YES_ERROR;
				CLANG_WARN_EMPTY_BODY = YES;
				CLANG_WARN_ENUM_CONVERSION = YES;
				CLANG_WARN_INT_CONVERSION = YES;
				CLANG_WARN_OBJC_ROOT_CLASS = YES_ERROR;
				CLANG_WARN_UNREACHABLE_CODE = YES;
				CLANG_WARN__DUPLICATE_METHOD_MATCH = YES;
				"CODE_SIGN_IDENTITY[sdk=iphoneos*]" = "iPhone Developer";
				COPY_PHASE_STRIP = NO;
				DEBUG_INFORMATION_FORMAT = dwarf;
				ENABLE_STRICT_OBJC_MSGSEND = YES;
				ENABLE_TESTABILITY = YES;
				GCC_C_LANGUAGE_STANDARD = gnu99;
				GCC_DYNAMIC_NO_PIC = NO;
				GCC_NO_COMMON_BLOCKS = YES;
				GCC_OPTIMIZATION_LEVEL = 0;
				GCC_PREPROCESSOR_DEFINITIONS = (
					"DEBUG=1",
					"$(inherited)",
				);
				GCC_WARN_64_TO_32_BIT_CONVERSION = YES;
				GCC_WARN_ABOUT_RETURN_TYPE = YES_ERROR;
				GCC_WARN_UNDECLARED_SELECTOR = YES;
				GCC_WARN_UNINITIALIZED_AUTOS = YES_AGGRESSIVE;
				GCC_WARN_UNUSED_FUNCTION = YES;
				GCC_WARN_UNUSED_VARIABLE = YES;
				IPHONEOS_DEPLOYMENT_TARGET = 9.0;
				MTL_ENABLE_DEBUG_INFO = YES;
				ONLY_ACTIVE_ARCH = YES;
				SDKROOT = iphoneos;
			};
			name = Debug;
		};
		DCA948991BD93BD10010C82B /* Release */ = {
			isa = XCBuildConfiguration;
			buildSettings = {
				ALWAYS_SEARCH_USER_PATHS = NO;
				CLANG_CXX_LANGUAGE_STANDARD = "gnu++0x";
				CLANG_CXX_LIBRARY = "libc++";
				CLANG_ENABLE_MODULES = YES;
				CLANG_ENABLE_OBJC_ARC = YES;
				CLANG_WARN_BOOL_CONVERSION = YES;
				CLANG_WARN_CONSTANT_CONVERSION = YES;
				CLANG_WARN_DIRECT_OBJC_ISA_USAGE = YES_ERROR;
				CLANG_WARN_EMPTY_BODY = YES;
				CLANG_WARN_ENUM_CONVERSION = YES;
				CLANG_WARN_INT_CONVERSION = YES;
				CLANG_WARN_OBJC_ROOT_CLASS = YES_ERROR;
				CLANG_WARN_UNREACHABLE_CODE = YES;
				CLANG_WARN__DUPLICATE_METHOD_MATCH = YES;
				"CODE_SIGN_IDENTITY[sdk=iphoneos*]" = "iPhone Developer";
				COPY_PHASE_STRIP = NO;
				DEBUG_INFORMATION_FORMAT = "dwarf-with-dsym";
				ENABLE_NS_ASSERTIONS = NO;
				ENABLE_STRICT_OBJC_MSGSEND = YES;
				GCC_C_LANGUAGE_STANDARD = gnu99;
				GCC_NO_COMMON_BLOCKS = YES;
				GCC_WARN_64_TO_32_BIT_CONVERSION = YES;
				GCC_WARN_ABOUT_RETURN_TYPE = YES_ERROR;
				GCC_WARN_UNDECLARED_SELECTOR = YES;
				GCC_WARN_UNINITIALIZED_AUTOS = YES_AGGRESSIVE;
				GCC_WARN_UNUSED_FUNCTION = YES;
				GCC_WARN_UNUSED_VARIABLE = YES;
				IPHONEOS_DEPLOYMENT_TARGET = 9.0;
				MTL_ENABLE_DEBUG_INFO = NO;
				SDKROOT = iphoneos;
				VALIDATE_PRODUCT = YES;
			};
			name = Release;
		};
		DCA9489B1BD93BD10010C82B /* Debug */ = {
			isa = XCBuildConfiguration;
			buildSettings = {
				ASSETCATALOG_COMPILER_APPICON_NAME = AppIcon;
				INFOPLIST_FILE = weather/Info.plist;
				LD_RUNPATH_SEARCH_PATHS = "$(inherited) @executable_path/Frameworks";
				PRODUCT_BUNDLE_IDENTIFIER = meng.weather;
				PRODUCT_NAME = "$(TARGET_NAME)";
			};
			name = Debug;
		};
		DCA9489C1BD93BD10010C82B /* Release */ = {
			isa = XCBuildConfiguration;
			buildSettings = {
				ASSETCATALOG_COMPILER_APPICON_NAME = AppIcon;
				INFOPLIST_FILE = weather/Info.plist;
				LD_RUNPATH_SEARCH_PATHS = "$(inherited) @executable_path/Frameworks";
				PRODUCT_BUNDLE_IDENTIFIER = meng.weather;
				PRODUCT_NAME = "$(TARGET_NAME)";
			};
			name = Release;
		};
		DCA9489E1BD93BD10010C82B /* Debug */ = {
			isa = XCBuildConfiguration;
			buildSettings = {
				BUNDLE_LOADER = "$(TEST_HOST)";
				INFOPLIST_FILE = weatherTests/Info.plist;
				LD_RUNPATH_SEARCH_PATHS = "$(inherited) @executable_path/Frameworks @loader_path/Frameworks";
				PRODUCT_BUNDLE_IDENTIFIER = meng.weatherTests;
				PRODUCT_NAME = "$(TARGET_NAME)";
				TEST_HOST = "$(BUILT_PRODUCTS_DIR)/weather.app/weather";
			};
			name = Debug;
		};
		DCA9489F1BD93BD10010C82B /* Release */ = {
			isa = XCBuildConfiguration;
			buildSettings = {
				BUNDLE_LOADER = "$(TEST_HOST)";
				INFOPLIST_FILE = weatherTests/Info.plist;
				LD_RUNPATH_SEARCH_PATHS = "$(inherited) @executable_path/Frameworks @loader_path/Frameworks";
				PRODUCT_BUNDLE_IDENTIFIER = meng.weatherTests;
				PRODUCT_NAME = "$(TARGET_NAME)";
				TEST_HOST = "$(BUILT_PRODUCTS_DIR)/weather.app/weather";
			};
			name = Release;
		};
		DCA948A11BD93BD10010C82B /* Debug */ = {
			isa = XCBuildConfiguration;
			buildSettings = {
				INFOPLIST_FILE = weatherUITests/Info.plist;
				LD_RUNPATH_SEARCH_PATHS = "$(inherited) @executable_path/Frameworks @loader_path/Frameworks";
				PRODUCT_BUNDLE_IDENTIFIER = meng.weatherUITests;
				PRODUCT_NAME = "$(TARGET_NAME)";
				TEST_TARGET_NAME = weather;
				USES_XCTRUNNER = YES;
			};
			name = Debug;
		};
		DCA948A21BD93BD10010C82B /* Release */ = {
			isa = XCBuildConfiguration;
			buildSettings = {
				INFOPLIST_FILE = weatherUITests/Info.plist;
				LD_RUNPATH_SEARCH_PATHS = "$(inherited) @executable_path/Frameworks @loader_path/Frameworks";
				PRODUCT_BUNDLE_IDENTIFIER = meng.weatherUITests;
				PRODUCT_NAME = "$(TARGET_NAME)";
				TEST_TARGET_NAME = weather;
				USES_XCTRUNNER = YES;
			};
			name = Release;
		};
/* End XCBuildConfiguration section */

/* Begin XCConfigurationList section */
		DCA948681BD93BD10010C82B /* Build configuration list for PBXProject "weather" */ = {
			isa = XCConfigurationList;
			buildConfigurations = (
				DCA948981BD93BD10010C82B /* Debug */,
				DCA948991BD93BD10010C82B /* Release */,
			);
			defaultConfigurationIsVisible = 0;
			defaultConfigurationName = Release;
		};
		DCA9489A1BD93BD10010C82B /* Build configuration list for PBXNativeTarget "weather" */ = {
			isa = XCConfigurationList;
			buildConfigurations = (
				DCA9489B1BD93BD10010C82B /* Debug */,
				DCA9489C1BD93BD10010C82B /* Release */,
			);
			defaultConfigurationIsVisible = 0;
		};
		DCA9489D1BD93BD10010C82B /* Build configuration list for PBXNativeTarget "weatherTests" */ = {
			isa = XCConfigurationList;
			buildConfigurations = (
				DCA9489E1BD93BD10010C82B /* Debug */,
				DCA9489F1BD93BD10010C82B /* Release */,
			);
			defaultConfigurationIsVisible = 0;
		};
		DCA948A01BD93BD10010C82B /* Build configuration list for PBXNativeTarget "weatherUITests" */ = {
			isa = XCConfigurationList;
			buildConfigurations = (
				DCA948A11BD93BD10010C82B /* Debug */,
				DCA948A21BD93BD10010C82B /* Release */,
			);
			defaultConfigurationIsVisible = 0;
		};
/* End XCConfigurationList section */
	};
	rootObject = DCA948651BD93BD10010C82B /* Project object */;
}
